
Microsoft Visual Studio Solution File, Format Version 12.00
# Visual Studio Version 17
VisualStudioVersion = 17.8.34525.116
MinimumVisualStudioVersion = 10.0.40219.1
Project("{FAE04EC0-301F-11D3-BF4B-00C04F79EFBC}") = "Alt's Calculator", "Alt's Calculator.csproj", "{2CDC8369-C827-4A76-A48C-2CD1E6443852}"
EndProject
Global
	GlobalSection(SolutionConfigurationPlatforms) = preSolution
		Debug|Any CPU = Debug|Any CPU
		Release|Any CPU = Release|Any CPU
	EndGlobalSection
	GlobalSection(ProjectConfigurationPlatforms) = postSolution
		{2CDC8369-C827-4A76-A48C-2CD1E6443852}.Debug|Any CPU.ActiveCfg = Debug|Any CPU
		{2CDC8369-C827-4A76-A48C-2CD1E6443852}.Debug|Any CPU.Build.0 = Debug|Any CPU
		{2CDC8369-C827-4A76-A48C-2CD1E6443852}.Release|Any CPU.ActiveCfg = Release|Any CPU
		{2CDC8369-C827-4A76-A48C-2CD1E6443852}.Release|Any CPU.Build.0 = Release|Any CPU
	EndGlobalSection
	GlobalSection(SolutionProperties) = preSolution
		HideSolutionNode = FALSE
	EndGlobalSection
	GlobalSection(ExtensibilityGlobals) = postSolution
		SolutionGuid = {5B260DDB-B9A7-4D64-B71F-A1BA99A14160}
	EndGlobalSection
EndGlobal
